# Generated by pub
# See http://pub.dartlang.org/doc/glossary.html#lockfile
packages:
  benchmark_harness:
    description: benchmark_harness
    source: hosted
    version: "1.0.2"
  browser:
    description: browser
    source: hosted
    version: "0.8.5"
  vector_math:
    description:
      ref: null
      resolved-ref: bdcb92c629ee3ef0978f1f19576bb94a89fea7c7
      url: "https://github.com/johnmccutchan/vector_math.git"
    source: git
    version: "1.4.0"
